// !$*UTF8*$!
{
	archiveVersion = 1;
	classes = {
	};
	objectVersion = 77;
	objects = {

/* Begin PBXContainerItemProxy section */
		78BDD0412D5BE1CA007C2D0F /* PBXContainerItemProxy */ = {
			isa = PBXContainerItemProxy;
			containerPortal = 78BDD0282D5BE1C8007C2D0F /* Project object */;
			proxyType = 1;
			remoteGlobalIDString = 78BDD02F2D5BE1C8007C2D0F;
			remoteInfo = StarsVox;
		};
		78BDD04B2D5BE1CA007C2D0F /* PBXContainerItemProxy */ = {
			isa = PBXContainerItemProxy;
			containerPortal = 78BDD0282D5BE1C8007C2D0F /* Project object */;
			proxyType = 1;
			remoteGlobalIDString = 78BDD02F2D5BE1C8007C2D0F;
			remoteInfo = StarsVox;
		};
/* End PBXContainerItemProxy section */

/* Begin PBXFileReference section */
		78BDD0302D5BE1C8007C2D0F /* StarsVox.app */ = {isa = PBXFileReference; explicitFileType = wrapper.application; includeInIndex = 0; path = StarsVox.app; sourceTree = BUILT_PRODUCTS_DIR; };
		78BDD0402D5BE1CA007C2D0F /* StarsVoxTests.xctest */ = {isa = PBXFileReference; explicitFileType = wrapper.cfbundle; includeInIndex = 0; path = StarsVoxTests.xctest; sourceTree = BUILT_PRODUCTS_DIR; };
		78BDD04A2D5BE1CA007C2D0F /* StarsVoxUITests.xctest */ = {isa = PBXFileReference; explicitFileType = wrapper.cfbundle; includeInIndex = 0; path = StarsVoxUITests.xctest; sourceTree = BUILT_PRODUCTS_DIR; };
/* End PBXFileReference section */

/* Begin PBXFileSystemSynchronizedRootGroup section */
		78BDD0322D5BE1C8007C2D0F /* StarsVox */ = {
			isa = PBXFileSystemSynchronizedRootGroup;
			path = StarsVox;
			sourceTree = "<group>";
		};
		78BDD0432D5BE1CA007C2D0F /* StarsVoxTests */ = {
			isa = PBXFileSystemSynchronizedRootGroup;
			path = StarsVoxTests;
			sourceTree = "<group>";
		};
		78BDD04D2D5BE1CA007C2D0F /* StarsVoxUITests */ = {
			isa = PBXFileSystemSynchronizedRootGroup;
			path = StarsVoxUITests;
			sourceTree = "<group>";
		};
/* End PBXFileSystemSynchronizedRootGroup section */

/* Begin PBXFrameworksBuildPhase section */
		78BDD02D2D5BE1C8007C2D0F /* Frameworks */ = {
			isa = PBXFrameworksBuildPhase;
			buildActionMask = 2147483647;
			files = (
			);
			runOnlyForDeploymentPostprocessing = 0;
		};
		78BDD03D2D5BE1CA007C2D0F /* Frameworks */ = {
			isa = PBXFrameworksBuildPhase;
			buildActionMask = 2147483647;
			files = (
			);
			runOnlyForDeploymentPostprocessing = 0;
		};
		78BDD0472D5BE1CA007C2D0F /* Frameworks */ = {
			isa = PBXFrameworksBuildPhase;
			buildActionMask = 2147483647;
			files = (
			);
			runOnlyForDeploymentPostprocessing = 0;
		};
/* End PBXFrameworksBuildPhase section */

/* Begin PBXGroup section */
		78BDD0272D5BE1C8007C2D0F = {
			isa = PBXGroup;
			children = (
				78BDD0322D5BE1C8007C2D0F /* StarsVox */,
				78BDD0432D5BE1CA007C2D0F /* StarsVoxTests */,
				78BDD04D2D5BE1CA007C2D0F /* StarsVoxUITests */,
				78BDD0312D5BE1C8007C2D0F /* Products */,
			);
			sourceTree = "<group>";
		};
		78BDD0312D5BE1C8007C2D0F /* Products */ = {
			isa = PBXGroup;
			children = (
				78BDD0302D5BE1C8007C2D0F /* StarsVox.app */,
				78BDD0402D5BE1CA007C2D0F /* StarsVoxTests.xctest */,
				78BDD04A2D5BE1CA007C2D0F /* StarsVoxUITests.xctest */,
			);
			name = Products;
			sourceTree = "<group>";
		};
/* End PBXGroup section */

/* Begin PBXNativeTarget section */
		78BDD02F2D5BE1C8007C2D0F /* StarsVox */ = {
			isa = PBXNativeTarget;
			buildConfigurationList = 78BDD0542D5BE1CA007C2D0F /* Build configuration list for PBXNativeTarget "StarsVox" */;
			buildPhases = (
				78BDD02C2D5BE1C8007C2D0F /* Sources */,
				78BDD02D2D5BE1C8007C2D0F /* Frameworks */,
				78BDD02E2D5BE1C8007C2D0F /* Resources */,
			);
			buildRules = (
			);
			dependencies = (
			);
			fileSystemSynchronizedGroups = (
				78BDD0322D5BE1C8007C2D0F /* StarsVox */,
			);
			name = StarsVox;
			packageProductDependencies = (
			);
			productName = StarsVox;
			productReference = 78BDD0302D5BE1C8007C2D0F /* StarsVox.app */;
			productType = "com.apple.product-type.application";
		};
		78BDD03F2D5BE1CA007C2D0F /* StarsVoxTests */ = {
			isa = PBXNativeTarget;
			buildConfigurationList = 78BDD0572D5BE1CA007C2D0F /* Build configuration list for PBXNativeTarget "StarsVoxTests" */;
			buildPhases = (
				78BDD03C2D5BE1CA007C2D0F /* Sources */,
				78BDD03D2D5BE1CA007C2D0F /* Frameworks */,
				78BDD03E2D5BE1CA007C2D0F /* Resources */,
			);
			buildRules = (
			);
			dependencies = (
				78BDD0422D5BE1CA007C2D0F /* PBXTargetDependency */,
			);
			fileSystemSynchronizedGroups = (
				78BDD0432D5BE1CA007C2D0F /* StarsVoxTests */,
			);
			name = StarsVoxTests;
			packageProductDependencies = (
			);
			productName = StarsVoxTests;
			productReference = 78BDD0402D5BE1CA007C2D0F /* StarsVoxTests.xctest */;
			productType = "com.apple.product-type.bundle.unit-test";
		};
		78BDD0492D5BE1CA007C2D0F /* StarsVoxUITests */ = {
			isa = PBXNativeTarget;
			buildConfigurationList = 78BDD05A2D5BE1CA007C2D0F /* Build configuration list for PBXNativeTarget "StarsVoxUITests" */;
			buildPhases = (
				78BDD0462D5BE1CA007C2D0F /* Sources */,
				78BDD0472D5BE1CA007C2D0F /* Frameworks */,
				78BDD0482D5BE1CA007C2D0F /* Resources */,
			);
			buildRules = (
			);
			dependencies = (
				78BDD04C2D5BE1CA007C2D0F /* PBXTargetDependency */,
			);
			fileSystemSynchronizedGroups = (
				78BDD04D2D5BE1CA007C2D0F /* StarsVoxUITests */,
			);
			name = StarsVoxUITests;
			packageProductDependencies = (
			);
			productName = StarsVoxUITests;
			productReference = 78BDD04A2D5BE1CA007C2D0F /* StarsVoxUITests.xctest */;
			productType = "com.apple.product-type.bundle.ui-testing";
		};
/* End PBXNativeTarget section */

/* Begin PBXProject section */
		78BDD0282D5BE1C8007C2D0F /* Project object */ = {
			isa = PBXProject;
			attributes = {
				BuildIndependentTargetsInParallel = 1;
				LastSwiftUpdateCheck = 1620;
				LastUpgradeCheck = 1620;
				TargetAttributes = {
					78BDD02F2D5BE1C8007C2D0F = {
						CreatedOnToolsVersion = 16.2;
					};
					78BDD03F2D5BE1CA007C2D0F = {
						CreatedOnToolsVersion = 16.2;
						TestTargetID = 78BDD02F2D5BE1C8007C2D0F;
					};
					78BDD0492D5BE1CA007C2D0F = {
						CreatedOnToolsVersion = 16.2;
						TestTargetID = 78BDD02F2D5BE1C8007C2D0F;
					};
				};
			};
			buildConfigurationList = 78BDD02B2D5BE1C8007C2D0F /* Build configuration list for PBXProject "StarsVox" */;
			developmentRegion = en;
			hasScannedForEncodings = 0;
			knownRegions = (
				en,
				Base,
			);
			mainGroup = 78BDD0272D5BE1C8007C2D0F;
			minimizedProjectReferenceProxies = 1;
			preferredProjectObjectVersion = 77;
			productRefGroup = 78BDD0312D5BE1C8007C2D0F /* Products */;
			projectDirPath = "";
			projectRoot = "";
			targets = (
				78BDD02F2D5BE1C8007C2D0F /* StarsVox */,
				78BDD03F2D5BE1CA007C2D0F /* StarsVoxTests */,
				78BDD0492D5BE1CA007C2D0F /* StarsVoxUITests */,
			);
		};
/* End PBXProject section */

/* Begin PBXResourcesBuildPhase section */
		78BDD02E2D5BE1C8007C2D0F /* Resources */ = {
			isa = PBXResourcesBuildPhase;
			buildActionMask = 2147483647;
			files = (
			);
			runOnlyForDeploymentPostprocessing = 0;
		};
		78BDD03E2D5BE1CA007C2D0F /* Resources */ = {
			isa = PBXResourcesBuildPhase;
			buildActionMask = 2147483647;
			files = (
			);
			runOnlyForDeploymentPostprocessing = 0;
		};
		78BDD0482D5BE1CA007C2D0F /* Resources */ = {
			isa = PBXResourcesBuildPhase;
			buildActionMask = 2147483647;
			files = (
			);
			runOnlyForDeploymentPostprocessing = 0;
		};
/* End PBXResourcesBuildPhase section */

/* Begin PBXSourcesBuildPhase section */
		78BDD02C2D5BE1C8007C2D0F /* Sources */ = {
			isa = PBXSourcesBuildPhase;
			buildActionMask = 2147483647;
			files = (
			);
			runOnlyForDeploymentPostprocessing = 0;
		};
		78BDD03C2D5BE1CA007C2D0F /* Sources */ = {
			isa = PBXSourcesBuildPhase;
			buildActionMask = 2147483647;
			files = (
			);
			runOnlyForDeploymentPostprocessing = 0;
		};
		78BDD0462D5BE1CA007C2D0F /* Sources */ = {
			isa = PBXSourcesBuildPhase;
			buildActionMask = 2147483647;
			files = (
			);
			runOnlyForDeploymentPostprocessing = 0;
		};
/* End PBXSourcesBuildPhase section */

/* Begin PBXTargetDependency section */
		78BDD0422D5BE1CA007C2D0F /* PBXTargetDependency */ = {
			isa = PBXTargetDependency;
			target = 78BDD02F2D5BE1C8007C2D0F /* StarsVox */;
			targetProxy = 78BDD0412D5BE1CA007C2D0F /* PBXContainerItemProxy */;
		};
		78BDD04C2D5BE1CA007C2D0F /* PBXTargetDependency */ = {
			isa = PBXTargetDependency;
			target = 78BDD02F2D5BE1C8007C2D0F /* StarsVox */;
			targetProxy = 78BDD04B2D5BE1CA007C2D0F /* PBXContainerItemProxy */;
		};
/* End PBXTargetDependency section */

/* Begin XCBuildConfiguration section */
		78BDD0522D5BE1CA007C2D0F /* Debug */ = {
			isa = XCBuildConfiguration;
			buildSettings = {
				ALWAYS_SEARCH_USER_PATHS = NO;
				ASSETCATALOG_COMPILER_GENERATE_SWIFT_ASSET_SYMBOL_EXTENSIONS = YES;
				CLANG_ANALYZER_NONNULL = YES;
				CLANG_ANALYZER_NUMBER_OBJECT_CONVERSION = YES_AGGRESSIVE;
				CLANG_CXX_LANGUAGE_STANDARD = "gnu++20";
				CLANG_ENABLE_MODULES = YES;
				CLANG_ENABLE_OBJC_ARC = YES;
				CLANG_ENABLE_OBJC_WEAK = YES;
				CLANG_WARN_BLOCK_CAPTURE_AUTORELEASING = YES;
				CLANG_WARN_BOOL_CONVERSION = YES;
				CLANG_WARN_COMMA = YES;
				CLANG_WARN_CONSTANT_CONVERSION = YES;
				CLANG_WARN_DEPRECATED_OBJC_IMPLEMENTATIONS = YES;
				CLANG_WARN_DIRECT_OBJC_ISA_USAGE = YES_ERROR;
				CLANG_WARN_DOCUMENTATION_COMMENTS = YES;
				CLANG_WARN_EMPTY_BODY = YES;
				CLANG_WARN_ENUM_CONVERSION = YES;
				CLANG_WARN_INFINITE_RECURSION = YES;
				CLANG_WARN_INT_CONVERSION = YES;
				CLANG_WARN_NON_LITERAL_NULL_CONVERSION = YES;
				CLANG_WARN_OBJC_IMPLICIT_RETAIN_SELF = YES;
				CLANG_WARN_OBJC_LITERAL_CONVERSION = YES;
				CLANG_WARN_OBJC_ROOT_CLASS = YES_ERROR;
				CLANG_WARN_QUOTED_INCLUDE_IN_FRAMEWORK_HEADER = YES;
				CLANG_WARN_RANGE_LOOP_ANALYSIS = YES;
				CLANG_WARN_STRICT_PROTOTYPES = YES;
				CLANG_WARN_SUSPICIOUS_MOVE = YES;
				CLANG_WARN_UNGUARDED_AVAILABILITY = YES_AGGRESSIVE;
				CLANG_WARN_UNREACHABLE_CODE = YES;
				CLANG_WARN__DUPLICATE_METHOD_MATCH = YES;
				COPY_PHASE_STRIP = NO;
				DEBUG_INFORMATION_FORMAT = dwarf;
				ENABLE_STRICT_OBJC_MSGSEND = YES;
				ENABLE_TESTABILITY = YES;
				ENABLE_USER_SCRIPT_SANDBOXING = YES;
				GCC_C_LANGUAGE_STANDARD = gnu17;
				GCC_DYNAMIC_NO_PIC = NO;
				GCC_NO_COMMON_BLOCKS = YES;
				GCC_OPTIMIZATION_LEVEL = 0;
				GCC_PREPROCESSOR_DEFINITIONS = (
					"DEBUG=1",
					"$(inherited)",
				);
				GCC_WARN_64_TO_32_BIT_CONVERSION = YES;
				GCC_WARN_ABOUT_RETURN_TYPE = YES_ERROR;
				GCC_WARN_UNDECLARED_SELECTOR = YES;
				GCC_WARN_UNINITIALIZED_AUTOS = YES_AGGRESSIVE;
				GCC_WARN_UNUSED_FUNCTION = YES;
				GCC_WARN_UNUSED_VARIABLE = YES;
				IPHONEOS_DEPLOYMENT_TARGET = 18.2;
				LOCALIZATION_PREFERS_STRING_CATALOGS = YES;
				MTL_ENABLE_DEBUG_INFO = INCLUDE_SOURCE;
				MTL_FAST_MATH = YES;
				ONLY_ACTIVE_ARCH = YES;
				SDKROOT = iphoneos;
				SWIFT_ACTIVE_COMPILATION_CONDITIONS = "DEBUG $(inherited)";
				SWIFT_OPTIMIZATION_LEVEL = "-Onone";
			};
			name = Debug;
		};
		78BDD0532D5BE1CA007C2D0F /* Release */ = {
			isa = XCBuildConfiguration;
			buildSettings = {
				ALWAYS_SEARCH_USER_PATHS = NO;
				ASSETCATALOG_COMPILER_GENERATE_SWIFT_ASSET_SYMBOL_EXTENSIONS = YES;
				CLANG_ANALYZER_NONNULL = YES;
				CLANG_ANALYZER_NUMBER_OBJECT_CONVERSION = YES_AGGRESSIVE;
				CLANG_CXX_LANGUAGE_STANDARD = "gnu++20";
				CLANG_ENABLE_MODULES = YES;
				CLANG_ENABLE_OBJC_ARC = YES;
				CLANG_ENABLE_OBJC_WEAK = YES;
				CLANG_WARN_BLOCK_CAPTURE_AUTORELEASING = YES;
				CLANG_WARN_BOOL_CONVERSION = YES;
				CLANG_WARN_COMMA = YES;
				CLANG_WARN_CONSTANT_CONVERSION = YES;
				CLANG_WARN_DEPRECATED_OBJC_IMPLEMENTATIONS = YES;
				CLANG_WARN_DIRECT_OBJC_ISA_USAGE = YES_ERROR;
				CLANG_WARN_DOCUMENTATION_COMMENTS = YES;
				CLANG_WARN_EMPTY_BODY = YES;
				CLANG_WARN_ENUM_CONVERSION = YES;
				CLANG_WARN_INFINITE_RECURSION = YES;
				CLANG_WARN_INT_CONVERSION = YES;
				CLANG_WARN_NON_LITERAL_NULL_CONVERSION = YES;
				CLANG_WARN_OBJC_IMPLICIT_RETAIN_SELF = YES;
				CLANG_WARN_OBJC_LITERAL_CONVERSION = YES;
				CLANG_WARN_OBJC_ROOT_CLASS = YES_ERROR;
				CLANG_WARN_QUOTED_INCLUDE_IN_FRAMEWORK_HEADER = YES;
				CLANG_WARN_RANGE_LOOP_ANALYSIS = YES;
				CLANG_WARN_STRICT_PROTOTYPES = YES;
				CLANG_WARN_SUSPICIOUS_MOVE = YES;
				CLANG_WARN_UNGUARDED_AVAILABILITY = YES_AGGRESSIVE;
				CLANG_WARN_UNREACHABLE_CODE = YES;
				CLANG_WARN__DUPLICATE_METHOD_MATCH = YES;
				COPY_PHASE_STRIP = NO;
				DEBUG_INFORMATION_FORMAT = "dwarf-with-dsym";
				ENABLE_NS_ASSERTIONS = NO;
				ENABLE_STRICT_OBJC_MSGSEND = YES;
				ENABLE_USER_SCRIPT_SANDBOXING = YES;
				GCC_C_LANGUAGE_STANDARD = gnu17;
				GCC_NO_COMMON_BLOCKS = YES;
				GCC_WARN_64_TO_32_BIT_CONVERSION = YES;
				GCC_WARN_ABOUT_RETURN_TYPE = YES_ERROR;
				GCC_WARN_UNDECLARED_SELECTOR = YES;
				GCC_WARN_UNINITIALIZED_AUTOS = YES_AGGRESSIVE;
				GCC_WARN_UNUSED_FUNCTION = YES;
				GCC_WARN_UNUSED_VARIABLE = YES;
				IPHONEOS_DEPLOYMENT_TARGET = 18.2;
				LOCALIZATION_PREFERS_STRING_CATALOGS = YES;
				MTL_ENABLE_DEBUG_INFO = NO;
				MTL_FAST_MATH = YES;
				SDKROOT = iphoneos;
				SWIFT_COMPILATION_MODE = wholemodule;
				VALIDATE_PRODUCT = YES;
			};
			name = Release;
		};
		78BDD0552D5BE1CA007C2D0F /* Debug */ = {
			isa = XCBuildConfiguration;
			buildSettings = {
				ASSETCATALOG_COMPILER_APPICON_NAME = AppIcon;
				ASSETCATALOG_COMPILER_GLOBAL_ACCENT_COLOR_NAME = AccentColor;
				CODE_SIGN_STYLE = Automatic;
				CURRENT_PROJECT_VERSION = 1;
				DEVELOPMENT_ASSET_PATHS = "\"StarsVox/Preview Content\"";
				ENABLE_PREVIEWS = YES;
				GENERATE_INFOPLIST_FILE = YES;
				INFOPLIST_KEY_UIApplicationSceneManifest_Generation = YES;
				INFOPLIST_KEY_UIApplicationSupportsIndirectInputEvents = YES;
				INFOPLIST_KEY_UILaunchScreen_Generation = YES;
				INFOPLIST_KEY_UISupportedInterfaceOrientations_iPad = "UIInterfaceOrientationPortrait UIInterfaceOrientationPortraitUpsideDown UIInterfaceOrientationLandscapeLeft UIInterfaceOrientationLandscapeRight";
				INFOPLIST_KEY_UISupportedInterfaceOrientations_iPhone = "UIInterfaceOrientationPortrait UIInterfaceOrientationLandscapeLeft UIInterfaceOrientationLandscapeRight";
				LD_RUNPATH_SEARCH_PATHS = (
					"$(inherited)",
					"@executable_path/Frameworks",
				);
				MARKETING_VERSION = 1.0;
				PRODUCT_BUNDLE_IDENTIFIER = com..StarsVox;
				PRODUCT_NAME = "$(TARGET_NAME)";
				SWIFT_EMIT_LOC_STRINGS = YES;
				SWIFT_VERSION = 5.0;
				TARGETED_DEVICE_FAMILY = "1,2";
			};
			name = Debug;
		};
		78BDD0562D5BE1CA007C2D0F /* Release */ = {
			isa = XCBuildConfiguration;
			buildSettings = {
				ASSETCATALOG_COMPILER_APPICON_NAME = AppIcon;
				ASSETCATALOG_COMPILER_GLOBAL_ACCENT_COLOR_NAME = AccentColor;
				CODE_SIGN_STYLE = Automatic;
				CURRENT_PROJECT_VERSION = 1;
				DEVELOPMENT_ASSET_PATHS = "\"StarsVox/Preview Content\"";
				ENABLE_PREVIEWS = YES;
				GENERATE_INFOPLIST_FILE = YES;
				INFOPLIST_KEY_UIApplicationSceneManifest_Generation = YES;
				INFOPLIST_KEY_UIApplicationSupportsIndirectInputEvents = YES;
				INFOPLIST_KEY_UILaunchScreen_Generation = YES;
				INFOPLIST_KEY_UISupportedInterfaceOrientations_iPad = "UIInterfaceOrientationPortrait UIInterfaceOrientationPortraitUpsideDown UIInterfaceOrientationLandscapeLeft UIInterfaceOrientationLandscapeRight";
				INFOPLIST_KEY_UISupportedInterfaceOrientations_iPhone = "UIInterfaceOrientationPortrait UIInterfaceOrientationLandscapeLeft UIInterfaceOrientationLandscapeRight";
				LD_RUNPATH_SEARCH_PATHS = (
					"$(inherited)",
					"@executable_path/Frameworks",
				);
				MARKETING_VERSION = 1.0;
				PRODUCT_BUNDLE_IDENTIFIER = com..StarsVox;
				PRODUCT_NAME = "$(TARGET_NAME)";
				SWIFT_EMIT_LOC_STRINGS = YES;
				SWIFT_VERSION = 5.0;
				TARGETED_DEVICE_FAMILY = "1,2";
			};
			name = Release;
		};
		78BDD0582D5BE1CA007C2D0F /* Debug */ = {
			isa = XCBuildConfiguration;
			buildSettings = {
				BUNDLE_LOADER = "$(TEST_HOST)";
				CODE_SIGN_STYLE = Automatic;
				CURRENT_PROJECT_VERSION = 1;
				GENERATE_INFOPLIST_FILE = YES;
				IPHONEOS_DEPLOYMENT_TARGET = 18.2;
				MARKETING_VERSION = 1.0;
				PRODUCT_BUNDLE_IDENTIFIER = com..StarsVoxTests;
				PRODUCT_NAME = "$(TARGET_NAME)";
				SWIFT_EMIT_LOC_STRINGS = NO;
				SWIFT_VERSION = 5.0;
				TARGETED_DEVICE_FAMILY = "1,2";
				TEST_HOST = "$(BUILT_PRODUCTS_DIR)/StarsVox.app/$(BUNDLE_EXECUTABLE_FOLDER_PATH)/StarsVox";
			};
			name = Debug;
		};
		78BDD0592D5BE1CA007C2D0F /* Release */ = {
			isa = XCBuildConfiguration;
			buildSettings = {
				BUNDLE_LOADER = "$(TEST_HOST)";
				CODE_SIGN_STYLE = Automatic;
				CURRENT_PROJECT_VERSION = 1;
				GENERATE_INFOPLIST_FILE = YES;
				IPHONEOS_DEPLOYMENT_TARGET = 18.2;
				MARKETING_VERSION = 1.0;
				PRODUCT_BUNDLE_IDENTIFIER = com..StarsVoxTests;
				PRODUCT_NAME = "$(TARGET_NAME)";
				SWIFT_EMIT_LOC_STRINGS = NO;
				SWIFT_VERSION = 5.0;
				TARGETED_DEVICE_FAMILY = "1,2";
				TEST_HOST = "$(BUILT_PRODUCTS_DIR)/StarsVox.app/$(BUNDLE_EXECUTABLE_FOLDER_PATH)/StarsVox";
			};
			name = Release;
		};
		78BDD05B2D5BE1CA007C2D0F /* Debug */ = {
			isa = XCBuildConfiguration;
			buildSettings = {
				CODE_SIGN_STYLE = Automatic;
				CURRENT_PROJECT_VERSION = 1;
				GENERATE_INFOPLIST_FILE = YES;
				MARKETING_VERSION = 1.0;
				PRODUCT_BUNDLE_IDENTIFIER = com..StarsVoxUITests;
				PRODUCT_NAME = "$(TARGET_NAME)";
				SWIFT_EMIT_LOC_STRINGS = NO;
				SWIFT_VERSION = 5.0;
				TARGETED_DEVICE_FAMILY = "1,2";
				TEST_TARGET_NAME = StarsVox;
			};
			name = Debug;
		};
		78BDD05C2D5BE1CA007C2D0F /* Release */ = {
			isa = XCBuildConfiguration;
			buildSettings = {
				CODE_SIGN_STYLE = Automatic;
				CURRENT_PROJECT_VERSION = 1;
				GENERATE_INFOPLIST_FILE = YES;
				MARKETING_VERSION = 1.0;
				PRODUCT_BUNDLE_IDENTIFIER = com..StarsVoxUITests;
				PRODUCT_NAME = "$(TARGET_NAME)";
				SWIFT_EMIT_LOC_STRINGS = NO;
				SWIFT_VERSION = 5.0;
				TARGETED_DEVICE_FAMILY = "1,2";
				TEST_TARGET_NAME = StarsVox;
			};
			name = Release;
		};
/* End XCBuildConfiguration section */

/* Begin XCConfigurationList section */
		78BDD02B2D5BE1C8007C2D0F /* Build configuration list for PBXProject "StarsVox" */ = {
			isa = XCConfigurationList;
			buildConfigurations = (
				78BDD0522D5BE1CA007C2D0F /* Debug */,
				78BDD0532D5BE1CA007C2D0F /* Release */,
			);
			defaultConfigurationIsVisible = 0;
			defaultConfigurationName = Release;
		};
		78BDD0542D5BE1CA007C2D0F /* Build configuration list for PBXNativeTarget "StarsVox" */ = {
			isa = XCConfigurationList;
			buildConfigurations = (
				78BDD0552D5BE1CA007C2D0F /* Debug */,
				78BDD0562D5BE1CA007C2D0F /* Release */,
			);
			defaultConfigurationIsVisible = 0;
			defaultConfigurationName = Release;
		};
		78BDD0572D5BE1CA007C2D0F /* Build configuration list for PBXNativeTarget "StarsVoxTests" */ = {
			isa = XCConfigurationList;
			buildConfigurations = (
				78BDD0582D5BE1CA007C2D0F /* Debug */,
				78BDD0592D5BE1CA007C2D0F /* Release */,
			);
			defaultConfigurationIsVisible = 0;
			defaultConfigurationName = Release;
		};
		78BDD05A2D5BE1CA007C2D0F /* Build configuration list for PBXNativeTarget "StarsVoxUITests" */ = {
			isa = XCConfigurationList;
			buildConfigurations = (
				78BDD05B2D5BE1CA007C2D0F /* Debug */,
				78BDD05C2D5BE1CA007C2D0F /* Release */,
			);
			defaultConfigurationIsVisible = 0;
			defaultConfigurationName = Release;
		};
/* End XCConfigurationList section */
	};
	rootObject = 78BDD0282D5BE1C8007C2D0F /* Project object */;
}
